<<<<<<< HEAD
﻿
Microsoft Visual Studio Solution File, Format Version 12.00
# Visual Studio Version 17
VisualStudioVersion = 17.13.35818.85 d17.13
MinimumVisualStudioVersion = 10.0.40219.1
Project("{FAE04EC0-301F-11D3-BF4B-00C04F79EFBC}") = "GestionaleBiblioteca", "GestionaleBiblioteca\GestionaleBiblioteca.csproj", "{37415381-822A-4482-A60D-5BD1EA558CFC}"
EndProject
Global
	GlobalSection(SolutionConfigurationPlatforms) = preSolution
		Debug|Any CPU = Debug|Any CPU
		Release|Any CPU = Release|Any CPU
	EndGlobalSection
	GlobalSection(ProjectConfigurationPlatforms) = postSolution
		{37415381-822A-4482-A60D-5BD1EA558CFC}.Debug|Any CPU.ActiveCfg = Debug|Any CPU
		{37415381-822A-4482-A60D-5BD1EA558CFC}.Debug|Any CPU.Build.0 = Debug|Any CPU
		{37415381-822A-4482-A60D-5BD1EA558CFC}.Release|Any CPU.ActiveCfg = Release|Any CPU
		{37415381-822A-4482-A60D-5BD1EA558CFC}.Release|Any CPU.Build.0 = Release|Any CPU
	EndGlobalSection
	GlobalSection(SolutionProperties) = preSolution
		HideSolutionNode = FALSE
	EndGlobalSection
	GlobalSection(ExtensibilityGlobals) = postSolution
		SolutionGuid = {DE009CD8-1AD5-42FF-9531-00E2E3B1554A}
	EndGlobalSection
EndGlobal
=======
﻿
Microsoft Visual Studio Solution File, Format Version 12.00
# Visual Studio Version 17
VisualStudioVersion = 17.13.35818.85 d17.13
MinimumVisualStudioVersion = 10.0.40219.1
Project("{FAE04EC0-301F-11D3-BF4B-00C04F79EFBC}") = "GestionaleBiblioteca", "GestionaleBiblioteca\GestionaleBiblioteca.csproj", "{37415381-822A-4482-A60D-5BD1EA558CFC}"
EndProject
Global
	GlobalSection(SolutionConfigurationPlatforms) = preSolution
		Debug|Any CPU = Debug|Any CPU
		Release|Any CPU = Release|Any CPU
	EndGlobalSection
	GlobalSection(ProjectConfigurationPlatforms) = postSolution
		{37415381-822A-4482-A60D-5BD1EA558CFC}.Debug|Any CPU.ActiveCfg = Debug|Any CPU
		{37415381-822A-4482-A60D-5BD1EA558CFC}.Debug|Any CPU.Build.0 = Debug|Any CPU
		{37415381-822A-4482-A60D-5BD1EA558CFC}.Release|Any CPU.ActiveCfg = Release|Any CPU
		{37415381-822A-4482-A60D-5BD1EA558CFC}.Release|Any CPU.Build.0 = Release|Any CPU
	EndGlobalSection
	GlobalSection(SolutionProperties) = preSolution
		HideSolutionNode = FALSE
	EndGlobalSection
	GlobalSection(ExtensibilityGlobals) = postSolution
		SolutionGuid = {DE009CD8-1AD5-42FF-9531-00E2E3B1554A}
	EndGlobalSection
EndGlobal
>>>>>>> 507971ae4a4f57d9b1942ae7bf75697a029012c5
